
Microsoft Visual Studio Solution File, Format Version 12.00
# Visual Studio Version 17
VisualStudioVersion = 17.0.32112.339
MinimumVisualStudioVersion = 10.0.40219.1
Project("{9A19103F-16F7-4668-BE54-9A1E7A4F7556}") = "InheritanceTest", "InheritanceTest.csproj", "{AE8A09AC-74F4-42FE-B966-DF3951EA5F00}"
EndProject
Global
	GlobalSection(SolutionConfigurationPlatforms) = preSolution
		Debug|x64 = Debug|x64
		Release|x64 = Release|x64
	EndGlobalSection
	GlobalSection(ProjectConfigurationPlatforms) = postSolution
		{AE8A09AC-74F4-42FE-B966-DF3951EA5F00}.Debug|x64.ActiveCfg = Debug|x64
		{AE8A09AC-74F4-42FE-B966-DF3951EA5F00}.Debug|x64.Build.0 = Debug|x64
		{AE8A09AC-74F4-42FE-B966-DF3951EA5F00}.Release|x64.ActiveCfg = Release|x64
		{AE8A09AC-74F4-42FE-B966-DF3951EA5F00}.Release|x64.Build.0 = Release|x64
	EndGlobalSection
	GlobalSection(SolutionProperties) = preSolution
		HideSolutionNode = FALSE
	EndGlobalSection
	GlobalSection(ExtensibilityGlobals) = postSolution
		SolutionGuid = {7341F084-81D3-4020-A401-C2C3F6ADABF4}
	EndGlobalSection
EndGlobal
